
Microsoft Visual Studio Solution File, Format Version 12.00
# Visual Studio Version 16
VisualStudioVersion = 16.0.30011.22
MinimumVisualStudioVersion = 10.0.40219.1
Project("{9A19103F-16F7-4668-BE54-9A1E7A4F7556}") = "Ruleta.Domain.Services", "Ruleta.Domain.Services\Ruleta.Domain.Services.csproj", "{E6C2B80A-F48C-483A-87B7-0C602179BAE8}"
EndProject
Project("{FAE04EC0-301F-11D3-BF4B-00C04F79EFBC}") = "Ruleta.API", "Ruleta.API\Ruleta.API.csproj", "{D9E8EE0E-181F-4C49-BDCB-F6072AE1C0C5}"
EndProject
Project("{FAE04EC0-301F-11D3-BF4B-00C04F79EFBC}") = "Ruleta.Domain.BusinessLayer", "Ruleta.Domain.BusinessLayer\Ruleta.Domain.BusinessLayer.csproj", "{0E51B3FC-2D4F-472D-BA58-7A667DE01866}"
EndProject
Global
	GlobalSection(SolutionConfigurationPlatforms) = preSolution
		Debug|Any CPU = Debug|Any CPU
		Release|Any CPU = Release|Any CPU
	EndGlobalSection
	GlobalSection(ProjectConfigurationPlatforms) = postSolution
		{E6C2B80A-F48C-483A-87B7-0C602179BAE8}.Debug|Any CPU.ActiveCfg = Debug|Any CPU
		{E6C2B80A-F48C-483A-87B7-0C602179BAE8}.Debug|Any CPU.Build.0 = Debug|Any CPU
		{E6C2B80A-F48C-483A-87B7-0C602179BAE8}.Release|Any CPU.ActiveCfg = Release|Any CPU
		{E6C2B80A-F48C-483A-87B7-0C602179BAE8}.Release|Any CPU.Build.0 = Release|Any CPU
		{D9E8EE0E-181F-4C49-BDCB-F6072AE1C0C5}.Debug|Any CPU.ActiveCfg = Debug|Any CPU
		{D9E8EE0E-181F-4C49-BDCB-F6072AE1C0C5}.Debug|Any CPU.Build.0 = Debug|Any CPU
		{D9E8EE0E-181F-4C49-BDCB-F6072AE1C0C5}.Release|Any CPU.ActiveCfg = Release|Any CPU
		{D9E8EE0E-181F-4C49-BDCB-F6072AE1C0C5}.Release|Any CPU.Build.0 = Release|Any CPU
		{0E51B3FC-2D4F-472D-BA58-7A667DE01866}.Debug|Any CPU.ActiveCfg = Debug|Any CPU
		{0E51B3FC-2D4F-472D-BA58-7A667DE01866}.Debug|Any CPU.Build.0 = Debug|Any CPU
		{0E51B3FC-2D4F-472D-BA58-7A667DE01866}.Release|Any CPU.ActiveCfg = Release|Any CPU
		{0E51B3FC-2D4F-472D-BA58-7A667DE01866}.Release|Any CPU.Build.0 = Release|Any CPU
	EndGlobalSection
	GlobalSection(SolutionProperties) = preSolution
		HideSolutionNode = FALSE
	EndGlobalSection
	GlobalSection(ExtensibilityGlobals) = postSolution
		SolutionGuid = {21AD0AD5-0D28-46FB-8036-F7A0BE4420E8}
	EndGlobalSection
EndGlobal
